
Microsoft Visual Studio Solution File, Format Version 11.00
# Visual Studio 2010
Project("{8BC9CEB8-8B4A-11D0-8D11-00A0C91BC942}") = "space", "space\space.vcxproj", "{39734646-8A4E-46D1-B129-CC05D2CE170D}"
EndProject
Global
	GlobalSection(SolutionConfigurationPlatforms) = preSolution
		Debug|Win32 = Debug|Win32
		Release|Win32 = Release|Win32
	EndGlobalSection
	GlobalSection(ProjectConfigurationPlatforms) = postSolution
		{39734646-8A4E-46D1-B129-CC05D2CE170D}.Debug|Win32.ActiveCfg = Debug|Win32
		{39734646-8A4E-46D1-B129-CC05D2CE170D}.Debug|Win32.Build.0 = Debug|Win32
		{39734646-8A4E-46D1-B129-CC05D2CE170D}.Release|Win32.ActiveCfg = Release|Win32
		{39734646-8A4E-46D1-B129-CC05D2CE170D}.Release|Win32.Build.0 = Release|Win32
	EndGlobalSection
	GlobalSection(SolutionProperties) = preSolution
		HideSolutionNode = FALSE
	EndGlobalSection
EndGlobal
